
Microsoft Visual Studio Solution File, Format Version 12.00
Project("{FAE04EC0-301F-11D3-BF4B-00C04F79EFBC}") = "ClassLibrary1", "ClassLibrary1\ClassLibrary1.csproj", "{AA109EC7-157A-484A-82C2-246DBE19F326}"
EndProject
Project("{FAE04EC0-301F-11D3-BF4B-00C04F79EFBC}") = "ClassLibrary2", "ClassLibrary2\ClassLibrary2.csproj", "{C11BE40E-6234-4261-9876-C7036DA5FFA5}"
EndProject
Global
	GlobalSection(SolutionConfigurationPlatforms) = preSolution
		Debug|Any CPU = Debug|Any CPU
		Release|Any CPU = Release|Any CPU
	EndGlobalSection
	GlobalSection(ProjectConfigurationPlatforms) = postSolution
		{AA109EC7-157A-484A-82C2-246DBE19F326}.Debug|Any CPU.ActiveCfg = Debug|Any CPU
		{AA109EC7-157A-484A-82C2-246DBE19F326}.Debug|Any CPU.Build.0 = Debug|Any CPU
		{AA109EC7-157A-484A-82C2-246DBE19F326}.Release|Any CPU.ActiveCfg = Release|Any CPU
		{AA109EC7-157A-484A-82C2-246DBE19F326}.Release|Any CPU.Build.0 = Release|Any CPU
		{C11BE40E-6234-4261-9876-C7036DA5FFA5}.Debug|Any CPU.ActiveCfg = Debug|Any CPU
		{C11BE40E-6234-4261-9876-C7036DA5FFA5}.Debug|Any CPU.Build.0 = Debug|Any CPU
		{C11BE40E-6234-4261-9876-C7036DA5FFA5}.Release|Any CPU.ActiveCfg = Release|Any CPU
		{C11BE40E-6234-4261-9876-C7036DA5FFA5}.Release|Any CPU.Build.0 = Release|Any CPU
	EndGlobalSection
EndGlobal
